{
    "_readme": [
        "This file locks the dependencies of your project to a known state",
        "Read more about it at https://getcomposer.org/doc/01-basic-usage.md#composer-lock-the-lock-file",
        "This file is @generated automatically"
    ],
    "hash": "b97dfdfd65564c3ebe75b6bcbdb06ae3",
    "content-hash": "2b529839095fc4ece160adc9fd2166e3",
    "packages": [
        {
            "name": "beberlei/assert",
            "version": "v2.7.4",
            "source": {
                "type": "git",
                "url": "https://github.com/beberlei/assert.git",
                "reference": "3ee3bc468a3ce4bbfc3d74f53c6cdb5242d39d1a"
            },
            "dist": {
                "type": "zip",
                "url": "https://api.github.com/repos/beberlei/assert/zipball/3ee3bc468a3ce4bbfc3d74f53c6cdb5242d39d1a",
                "reference": "3ee3bc468a3ce4bbfc3d74f53c6cdb5242d39d1a",
                "shasum": ""
            },
            "require": {
                "ext-mbstring": "*",
                "php": ">=5.3"
            },
            "require-dev": {
                "friendsofphp/php-cs-fixer": "^2.1.1",
                "phpunit/phpunit": "^4|^5"
            },
            "type": "library",
            "autoload": {
                "psr-4": {
                    "Assert\\": "lib/Assert"
                },
                "files": [
                    "lib/Assert/functions.php"
                ]
            },
            "notification-url": "https://packagist.org/downloads/",
            "license": [
                "BSD-2-Clause"
            ],
            "authors": [
                {
                    "name": "Benjamin Eberlei",
                    "email": "kontakt@beberlei.de",
                    "role": "Lead Developer"
                },
                {
                    "name": "Richard Quadling",
                    "email": "rquadling@gmail.com",
                    "role": "Collaborator"
                }
            ],
            "description": "Thin assertion library for input validation in business models.",
            "keywords": [
                "assert",
                "assertion",
                "validation"
            ],
            "time": "2017-03-14 18:06:52"
        },
        {
            "name": "romanpitak/php-rest-client",
            "version": "v1.2.1",
            "source": {
                "type": "git",
                "url": "https://github.com/romanpitak/PHP-REST-Client.git",
                "reference": "728b6c44040a13daeb8033953f5f3cdd3dde1980"
            },
            "dist": {
                "type": "zip",
                "url": "https://api.github.com/repos/romanpitak/PHP-REST-Client/zipball/728b6c44040a13daeb8033953f5f3cdd3dde1980",
                "reference": "728b6c44040a13daeb8033953f5f3cdd3dde1980",
                "shasum": ""
            },
            "require": {
                "ext-curl": "*",
                "php": ">=5.3.3"
            },
            "type": "library",
            "autoload": {
                "psr-4": {
                    "RestClient\\": "src/"
                }
            },
            "notification-url": "https://packagist.org/downloads/",
            "license": [
                "MIT"
            ],
            "authors": [
                {
                    "name": "Roman Piták",
                    "email": "roman@pitak.net",
                    "homepage": "http://pitak.net",
                    "role": "Developer"
                }
            ],
            "description": "REST client library.",
            "homepage": "https://github.com/romanpitak/PHP-REST-Client",
            "keywords": [
                "client",
                "http",
                "rest"
            ],
            "time": "2015-02-19 15:32:16"
        }
    ],
    "packages-dev": [
        {
            "name": "kahlan/kahlan",
            "version": "3.1.14",
            "source": {
                "type": "git",
                "url": "https://github.com/kahlan/kahlan.git",
                "reference": "ac57e507607e3379c35d517e22573e61e826e98b"
            },
            "dist": {
                "type": "zip",
                "url": "https://api.github.com/repos/kahlan/kahlan/zipball/ac57e507607e3379c35d517e22573e61e826e98b",
                "reference": "ac57e507607e3379c35d517e22573e61e826e98b",
                "shasum": ""
            },
            "require": {
                "php": ">=5.4"
            },
            "require-dev": {
                "squizlabs/php_codesniffer": "^2.7"
            },
            "bin": [
                "bin/kahlan"
            ],
            "type": "library",
            "autoload": {
                "psr-4": {
                    "Kahlan\\": "src/"
                },
                "files": [
                    "src/functions.php"
                ]
            },
            "notification-url": "https://packagist.org/downloads/",
            "license": [
                "MIT"
            ],
            "authors": [
                {
                    "name": "CrysaLEAD"
                }
            ],
            "description": "The PHP Test Framework for Freedom, Truth and Justice.",
            "keywords": [
                "BDD",
                "Behavior-Driven Development",
                "Monkey Patching",
                "TDD",
                "mock",
                "stub",
                "testing",
                "unit test"
            ],
            "time": "2017-04-12 13:22:10"
        }
    ],
    "aliases": [],
    "minimum-stability": "stable",
    "stability-flags": [],
    "prefer-stable": false,
    "prefer-lowest": false,
    "platform": [],
    "platform-dev": []
}
